
Microsoft Visual Studio Solution File, Format Version 12.00
# Visual Studio Version 17
VisualStudioVersion = 17.1.32210.238
MinimumVisualStudioVersion = 10.0.40219.1
Project("{9A19103F-16F7-4668-BE54-9A1E7A4F7556}") = "kow-whois-api", "kow-whois-api.csproj", "{BFADF74A-7720-410D-AA21-E3A912A38ED6}"
EndProject
Global
	GlobalSection(SolutionConfigurationPlatforms) = preSolution
		Debug|Any CPU = Debug|Any CPU
		Release|Any CPU = Release|Any CPU
	EndGlobalSection
	GlobalSection(ProjectConfigurationPlatforms) = postSolution
		{BFADF74A-7720-410D-AA21-E3A912A38ED6}.Debug|Any CPU.ActiveCfg = Debug|Any CPU
		{BFADF74A-7720-410D-AA21-E3A912A38ED6}.Debug|Any CPU.Build.0 = Debug|Any CPU
		{BFADF74A-7720-410D-AA21-E3A912A38ED6}.Release|Any CPU.ActiveCfg = Release|Any CPU
		{BFADF74A-7720-410D-AA21-E3A912A38ED6}.Release|Any CPU.Build.0 = Release|Any CPU
	EndGlobalSection
	GlobalSection(SolutionProperties) = preSolution
		HideSolutionNode = FALSE
	EndGlobalSection
	GlobalSection(ExtensibilityGlobals) = postSolution
		SolutionGuid = {9B43CE79-2029-4B5A-A657-DF362BCDF066}
	EndGlobalSection
EndGlobal
